// !$*UTF8*$!
{
	archiveVersion = 1;
	classes = {
	};
	objectVersion = 51;
	objects = {

/* Begin PBXBuildFile section */
		62005C0022B4DC4B00315903 /* RegistrationViewController.swift in Sources */ = {isa = PBXBuildFile; fileRef = 62005BFF22B4DC4B00315903 /* RegistrationViewController.swift */; };
		6239F51022B4EB1D00140C02 /* UserModel.swift in Sources */ = {isa = PBXBuildFile; fileRef = 6239F50F22B4EB1D00140C02 /* UserModel.swift */; };
		6239F51222B52CE400140C02 /* ChoiceTestViewController.swift in Sources */ = {isa = PBXBuildFile; fileRef = 6239F51122B52CE400140C02 /* ChoiceTestViewController.swift */; };
		6239F51422B54BC300140C02 /* QuestionModel.swift in Sources */ = {isa = PBXBuildFile; fileRef = 6239F51322B54BC300140C02 /* QuestionModel.swift */; };
		6239F51622B54E7E00140C02 /* ResultsTestModel.swift in Sources */ = {isa = PBXBuildFile; fileRef = 6239F51522B54E7E00140C02 /* ResultsTestModel.swift */; };
		6239F51822B550D600140C02 /* TestModel.swift in Sources */ = {isa = PBXBuildFile; fileRef = 6239F51722B550D600140C02 /* TestModel.swift */; };
		6239F51A22B5789F00140C02 /* TestCell.swift in Sources */ = {isa = PBXBuildFile; fileRef = 6239F51922B5789F00140C02 /* TestCell.swift */; };
		6239F51C22B595C000140C02 /* TestViewController.swift in Sources */ = {isa = PBXBuildFile; fileRef = 6239F51B22B595C000140C02 /* TestViewController.swift */; };
		6286946722B4CD6D004907A6 /* AppDelegate.swift in Sources */ = {isa = PBXBuildFile; fileRef = 6286946622B4CD6D004907A6 /* AppDelegate.swift */; };
		6286946922B4CD6D004907A6 /* ViewController.swift in Sources */ = {isa = PBXBuildFile; fileRef = 6286946822B4CD6D004907A6 /* ViewController.swift */; };
		6286946C22B4CD6D004907A6 /* Main.storyboard in Resources */ = {isa = PBXBuildFile; fileRef = 6286946A22B4CD6D004907A6 /* Main.storyboard */; };
		6286946E22B4CD6F004907A6 /* Assets.xcassets in Resources */ = {isa = PBXBuildFile; fileRef = 6286946D22B4CD6F004907A6 /* Assets.xcassets */; };
		6286947122B4CD6F004907A6 /* LaunchScreen.storyboard in Resources */ = {isa = PBXBuildFile; fileRef = 6286946F22B4CD6F004907A6 /* LaunchScreen.storyboard */; };
		62919A0022B4E72B001EADDA /* StorageManager.swift in Sources */ = {isa = PBXBuildFile; fileRef = 629199FF22B4E72B001EADDA /* StorageManager.swift */; };
		A6DF829C795EC84C03D0EC46 /* Pods_TestSystem.framework in Frameworks */ = {isa = PBXBuildFile; fileRef = F5800B4F944CC472D24E8D29 /* Pods_TestSystem.framework */; };
/* End PBXBuildFile section */

/* Begin PBXFileReference section */
		4747C46E5FCDEA0D1F8AED58 /* Pods-TestSystem.debug.xcconfig */ = {isa = PBXFileReference; includeInIndex = 1; lastKnownFileType = text.xcconfig; name = "Pods-TestSystem.debug.xcconfig"; path = "Target Support Files/Pods-TestSystem/Pods-TestSystem.debug.xcconfig"; sourceTree = "<group>"; };
		62005BFF22B4DC4B00315903 /* RegistrationViewController.swift */ = {isa = PBXFileReference; lastKnownFileType = sourcecode.swift; path = RegistrationViewController.swift; sourceTree = "<group>"; };
		6239F50F22B4EB1D00140C02 /* UserModel.swift */ = {isa = PBXFileReference; lastKnownFileType = sourcecode.swift; path = UserModel.swift; sourceTree = "<group>"; };
		6239F51122B52CE400140C02 /* ChoiceTestViewController.swift */ = {isa = PBXFileReference; lastKnownFileType = sourcecode.swift; path = ChoiceTestViewController.swift; sourceTree = "<group>"; };
		6239F51322B54BC300140C02 /* QuestionModel.swift */ = {isa = PBXFileReference; lastKnownFileType = sourcecode.swift; path = QuestionModel.swift; sourceTree = "<group>"; };
		6239F51522B54E7E00140C02 /* ResultsTestModel.swift */ = {isa = PBXFileReference; lastKnownFileType = sourcecode.swift; path = ResultsTestModel.swift; sourceTree = "<group>"; };
		6239F51722B550D600140C02 /* TestModel.swift */ = {isa = PBXFileReference; lastKnownFileType = sourcecode.swift; path = TestModel.swift; sourceTree = "<group>"; };
		6239F51922B5789F00140C02 /* TestCell.swift */ = {isa = PBXFileReference; lastKnownFileType = sourcecode.swift; path = TestCell.swift; sourceTree = "<group>"; };
		6239F51B22B595C000140C02 /* TestViewController.swift */ = {isa = PBXFileReference; lastKnownFileType = sourcecode.swift; path = TestViewController.swift; sourceTree = "<group>"; };
		6286946322B4CD6D004907A6 /* TestSystem.app */ = {isa = PBXFileReference; explicitFileType = wrapper.application; includeInIndex = 0; path = TestSystem.app; sourceTree = BUILT_PRODUCTS_DIR; };
		6286946622B4CD6D004907A6 /* AppDelegate.swift */ = {isa = PBXFileReference; lastKnownFileType = sourcecode.swift; path = AppDelegate.swift; sourceTree = "<group>"; };
		6286946822B4CD6D004907A6 /* ViewController.swift */ = {isa = PBXFileReference; lastKnownFileType = sourcecode.swift; path = ViewController.swift; sourceTree = "<group>"; };
		6286946B22B4CD6D004907A6 /* Base */ = {isa = PBXFileReference; lastKnownFileType = file.storyboard; name = Base; path = Base.lproj/Main.storyboard; sourceTree = "<group>"; };
		6286946D22B4CD6F004907A6 /* Assets.xcassets */ = {isa = PBXFileReference; lastKnownFileType = folder.assetcatalog; path = Assets.xcassets; sourceTree = "<group>"; };
		6286947022B4CD6F004907A6 /* Base */ = {isa = PBXFileReference; lastKnownFileType = file.storyboard; name = Base; path = Base.lproj/LaunchScreen.storyboard; sourceTree = "<group>"; };
		6286947222B4CD6F004907A6 /* Info.plist */ = {isa = PBXFileReference; lastKnownFileType = text.plist.xml; path = Info.plist; sourceTree = "<group>"; };
		629199FF22B4E72B001EADDA /* StorageManager.swift */ = {isa = PBXFileReference; lastKnownFileType = sourcecode.swift; path = StorageManager.swift; sourceTree = "<group>"; };
		F1F31580F5638DDDC391AEC7 /* Pods-TestSystem.release.xcconfig */ = {isa = PBXFileReference; includeInIndex = 1; lastKnownFileType = text.xcconfig; name = "Pods-TestSystem.release.xcconfig"; path = "Target Support Files/Pods-TestSystem/Pods-TestSystem.release.xcconfig"; sourceTree = "<group>"; };
		F5800B4F944CC472D24E8D29 /* Pods_TestSystem.framework */ = {isa = PBXFileReference; explicitFileType = wrapper.framework; includeInIndex = 0; path = Pods_TestSystem.framework; sourceTree = BUILT_PRODUCTS_DIR; };
/* End PBXFileReference section */

/* Begin PBXFrameworksBuildPhase section */
		6286946022B4CD6D004907A6 /* Frameworks */ = {
			isa = PBXFrameworksBuildPhase;
			buildActionMask = 2147483647;
			files = (
				A6DF829C795EC84C03D0EC46 /* Pods_TestSystem.framework in Frameworks */,
			);
			runOnlyForDeploymentPostprocessing = 0;
		};
/* End PBXFrameworksBuildPhase section */

/* Begin PBXGroup section */
		49FFA43F6EF17B2A1194FE26 /* Pods */ = {
			isa = PBXGroup;
			children = (
				4747C46E5FCDEA0D1F8AED58 /* Pods-TestSystem.debug.xcconfig */,
				F1F31580F5638DDDC391AEC7 /* Pods-TestSystem.release.xcconfig */,
			);
			path = Pods;
			sourceTree = "<group>";
		};
		6286945A22B4CD6D004907A6 = {
			isa = PBXGroup;
			children = (
				6286946522B4CD6D004907A6 /* TestSystem */,
				6286946422B4CD6D004907A6 /* Products */,
				49FFA43F6EF17B2A1194FE26 /* Pods */,
				63532BF95F58DA821EC632A2 /* Frameworks */,
			);
			sourceTree = "<group>";
		};
		6286946422B4CD6D004907A6 /* Products */ = {
			isa = PBXGroup;
			children = (
				6286946322B4CD6D004907A6 /* TestSystem.app */,
			);
			name = Products;
			sourceTree = "<group>";
		};
		6286946522B4CD6D004907A6 /* TestSystem */ = {
			isa = PBXGroup;
			children = (
				6286946622B4CD6D004907A6 /* AppDelegate.swift */,
				6286946822B4CD6D004907A6 /* ViewController.swift */,
				62005BFF22B4DC4B00315903 /* RegistrationViewController.swift */,
				6239F51122B52CE400140C02 /* ChoiceTestViewController.swift */,
				6239F51B22B595C000140C02 /* TestViewController.swift */,
				6239F50F22B4EB1D00140C02 /* UserModel.swift */,
				6239F51722B550D600140C02 /* TestModel.swift */,
				6239F51322B54BC300140C02 /* QuestionModel.swift */,
				6239F51522B54E7E00140C02 /* ResultsTestModel.swift */,
				629199FF22B4E72B001EADDA /* StorageManager.swift */,
				6239F51922B5789F00140C02 /* TestCell.swift */,
				6286946A22B4CD6D004907A6 /* Main.storyboard */,
				6286946D22B4CD6F004907A6 /* Assets.xcassets */,
				6286946F22B4CD6F004907A6 /* LaunchScreen.storyboard */,
				6286947222B4CD6F004907A6 /* Info.plist */,
			);
			path = TestSystem;
			sourceTree = "<group>";
		};
		63532BF95F58DA821EC632A2 /* Frameworks */ = {
			isa = PBXGroup;
			children = (
				F5800B4F944CC472D24E8D29 /* Pods_TestSystem.framework */,
			);
			name = Frameworks;
			sourceTree = "<group>";
		};
/* End PBXGroup section */

/* Begin PBXNativeTarget section */
		6286946222B4CD6D004907A6 /* TestSystem */ = {
			isa = PBXNativeTarget;
			buildConfigurationList = 6286947522B4CD6F004907A6 /* Build configuration list for PBXNativeTarget "TestSystem" */;
			buildPhases = (
				C60AC43F2A806DC859965FD2 /* [CP] Check Pods Manifest.lock */,
				6286945F22B4CD6D004907A6 /* Sources */,
				6286946022B4CD6D004907A6 /* Frameworks */,
				6286946122B4CD6D004907A6 /* Resources */,
				EACEBB752D2B964F564DB296 /* [CP] Embed Pods Frameworks */,
			);
			buildRules = (
			);
			dependencies = (
			);
			name = TestSystem;
			productName = TestSystem;
			productReference = 6286946322B4CD6D004907A6 /* TestSystem.app */;
			productType = "com.apple.product-type.application";
		};
/* End PBXNativeTarget section */

/* Begin PBXProject section */
		6286945B22B4CD6D004907A6 /* Project object */ = {
			isa = PBXProject;
			attributes = {
				LastSwiftUpdateCheck = 1020;
				LastUpgradeCheck = 1020;
				ORGANIZATIONNAME = "Shurumov Maxim";
				TargetAttributes = {
					6286946222B4CD6D004907A6 = {
						CreatedOnToolsVersion = 10.2.1;
					};
				};
			};
			buildConfigurationList = 6286945E22B4CD6D004907A6 /* Build configuration list for PBXProject "TestSystem" */;
			compatibilityVersion = "Xcode 9.3";
			developmentRegion = en;
			hasScannedForEncodings = 0;
			knownRegions = (
				en,
				Base,
			);
			mainGroup = 6286945A22B4CD6D004907A6;
			productRefGroup = 6286946422B4CD6D004907A6 /* Products */;
			projectDirPath = "";
			projectRoot = "";
			targets = (
				6286946222B4CD6D004907A6 /* TestSystem */,
			);
		};
/* End PBXProject section */

/* Begin PBXResourcesBuildPhase section */
		6286946122B4CD6D004907A6 /* Resources */ = {
			isa = PBXResourcesBuildPhase;
			buildActionMask = 2147483647;
			files = (
				6286947122B4CD6F004907A6 /* LaunchScreen.storyboard in Resources */,
				6286946E22B4CD6F004907A6 /* Assets.xcassets in Resources */,
				6286946C22B4CD6D004907A6 /* Main.storyboard in Resources */,
			);
			runOnlyForDeploymentPostprocessing = 0;
		};
/* End PBXResourcesBuildPhase section */

/* Begin PBXShellScriptBuildPhase section */
		C60AC43F2A806DC859965FD2 /* [CP] Check Pods Manifest.lock */ = {
			isa = PBXShellScriptBuildPhase;
			buildActionMask = 2147483647;
			files = (
			);
			inputFileListPaths = (
			);
			inputPaths = (
				"${PODS_PODFILE_DIR_PATH}/Podfile.lock",
				"${PODS_ROOT}/Manifest.lock",
			);
			name = "[CP] Check Pods Manifest.lock";
			outputFileListPaths = (
			);
			outputPaths = (
				"$(DERIVED_FILE_DIR)/Pods-TestSystem-checkManifestLockResult.txt",
			);
			runOnlyForDeploymentPostprocessing = 0;
			shellPath = /bin/sh;
			shellScript = "diff \"${PODS_PODFILE_DIR_PATH}/Podfile.lock\" \"${PODS_ROOT}/Manifest.lock\" > /dev/null\nif [ $? != 0 ] ; then\n    # print error to STDERR\n    echo \"error: The sandbox is not in sync with the Podfile.lock. Run 'pod install' or update your CocoaPods installation.\" >&2\n    exit 1\nfi\n# This output is used by Xcode 'outputs' to avoid re-running this script phase.\necho \"SUCCESS\" > \"${SCRIPT_OUTPUT_FILE_0}\"\n";
			showEnvVarsInLog = 0;
		};
		EACEBB752D2B964F564DB296 /* [CP] Embed Pods Frameworks */ = {
			isa = PBXShellScriptBuildPhase;
			buildActionMask = 2147483647;
			files = (
			);
			inputFileListPaths = (
				"${PODS_ROOT}/Target Support Files/Pods-TestSystem/Pods-TestSystem-frameworks-${CONFIGURATION}-input-files.xcfilelist",
			);
			name = "[CP] Embed Pods Frameworks";
			outputFileListPaths = (
				"${PODS_ROOT}/Target Support Files/Pods-TestSystem/Pods-TestSystem-frameworks-${CONFIGURATION}-output-files.xcfilelist",
			);
			runOnlyForDeploymentPostprocessing = 0;
			shellPath = /bin/sh;
			shellScript = "\"${PODS_ROOT}/Target Support Files/Pods-TestSystem/Pods-TestSystem-frameworks.sh\"\n";
			showEnvVarsInLog = 0;
		};
/* End PBXShellScriptBuildPhase section */

/* Begin PBXSourcesBuildPhase section */
		6286945F22B4CD6D004907A6 /* Sources */ = {
			isa = PBXSourcesBuildPhase;
			buildActionMask = 2147483647;
			files = (
				6239F51422B54BC300140C02 /* QuestionModel.swift in Sources */,
				62005C0022B4DC4B00315903 /* RegistrationViewController.swift in Sources */,
				6239F51C22B595C000140C02 /* TestViewController.swift in Sources */,
				6239F51222B52CE400140C02 /* ChoiceTestViewController.swift in Sources */,
				6239F51822B550D600140C02 /* TestModel.swift in Sources */,
				6286946922B4CD6D004907A6 /* ViewController.swift in Sources */,
				6286946722B4CD6D004907A6 /* AppDelegate.swift in Sources */,
				6239F51022B4EB1D00140C02 /* UserModel.swift in Sources */,
				6239F51A22B5789F00140C02 /* TestCell.swift in Sources */,
				6239F51622B54E7E00140C02 /* ResultsTestModel.swift in Sources */,
				62919A0022B4E72B001EADDA /* StorageManager.swift in Sources */,
			);
			runOnlyForDeploymentPostprocessing = 0;
		};
/* End PBXSourcesBuildPhase section */

/* Begin PBXVariantGroup section */
		6286946A22B4CD6D004907A6 /* Main.storyboard */ = {
			isa = PBXVariantGroup;
			children = (
				6286946B22B4CD6D004907A6 /* Base */,
			);
			name = Main.storyboard;
			sourceTree = "<group>";
		};
		6286946F22B4CD6F004907A6 /* LaunchScreen.storyboard */ = {
			isa = PBXVariantGroup;
			children = (
				6286947022B4CD6F004907A6 /* Base */,
			);
			name = LaunchScreen.storyboard;
			sourceTree = "<group>";
		};
/* End PBXVariantGroup section */

/* Begin XCBuildConfiguration section */
		6286947322B4CD6F004907A6 /* Debug */ = {
			isa = XCBuildConfiguration;
			buildSettings = {
				ALWAYS_SEARCH_USER_PATHS = NO;
				CLANG_ANALYZER_NONNULL = YES;
				CLANG_ANALYZER_NUMBER_OBJECT_CONVERSION = YES_AGGRESSIVE;
				CLANG_CXX_LANGUAGE_STANDARD = "gnu++14";
				CLANG_CXX_LIBRARY = "libc++";
				CLANG_ENABLE_MODULES = YES;
				CLANG_ENABLE_OBJC_ARC = YES;
				CLANG_ENABLE_OBJC_WEAK = YES;
				CLANG_WARN_BLOCK_CAPTURE_AUTORELEASING = YES;
				CLANG_WARN_BOOL_CONVERSION = YES;
				CLANG_WARN_COMMA = YES;
				CLANG_WARN_CONSTANT_CONVERSION = YES;
				CLANG_WARN_DEPRECATED_OBJC_IMPLEMENTATIONS = YES;
				CLANG_WARN_DIRECT_OBJC_ISA_USAGE = YES_ERROR;
				CLANG_WARN_DOCUMENTATION_COMMENTS = YES;
				CLANG_WARN_EMPTY_BODY = YES;
				CLANG_WARN_ENUM_CONVERSION = YES;
				CLANG_WARN_INFINITE_RECURSION = YES;
				CLANG_WARN_INT_CONVERSION = YES;
				CLANG_WARN_NON_LITERAL_NULL_CONVERSION = YES;
				CLANG_WARN_OBJC_IMPLICIT_RETAIN_SELF = YES;
				CLANG_WARN_OBJC_LITERAL_CONVERSION = YES;
				CLANG_WARN_OBJC_ROOT_CLASS = YES_ERROR;
				CLANG_WARN_RANGE_LOOP_ANALYSIS = YES;
				CLANG_WARN_STRICT_PROTOTYPES = YES;
				CLANG_WARN_SUSPICIOUS_MOVE = YES;
				CLANG_WARN_UNGUARDED_AVAILABILITY = YES_AGGRESSIVE;
				CLANG_WARN_UNREACHABLE_CODE = YES;
				CLANG_WARN__DUPLICATE_METHOD_MATCH = YES;
				CODE_SIGN_IDENTITY = "iPhone Developer";
				COPY_PHASE_STRIP = NO;
				DEBUG_INFORMATION_FORMAT = dwarf;
				ENABLE_STRICT_OBJC_MSGSEND = YES;
				ENABLE_TESTABILITY = YES;
				GCC_C_LANGUAGE_STANDARD = gnu11;
				GCC_DYNAMIC_NO_PIC = NO;
				GCC_NO_COMMON_BLOCKS = YES;
				GCC_OPTIMIZATION_LEVEL = 0;
				GCC_PREPROCESSOR_DEFINITIONS = (
					"DEBUG=1",
					"$(inherited)",
				);
				GCC_WARN_64_TO_32_BIT_CONVERSION = YES;
				GCC_WARN_ABOUT_RETURN_TYPE = YES_ERROR;
				GCC_WARN_UNDECLARED_SELECTOR = YES;
				GCC_WARN_UNINITIALIZED_AUTOS = YES_AGGRESSIVE;
				GCC_WARN_UNUSED_FUNCTION = YES;
				GCC_WARN_UNUSED_VARIABLE = YES;
				IPHONEOS_DEPLOYMENT_TARGET = 12.2;
				MTL_ENABLE_DEBUG_INFO = INCLUDE_SOURCE;
				MTL_FAST_MATH = YES;
				ONLY_ACTIVE_ARCH = YES;
				SDKROOT = iphoneos;
				SWIFT_ACTIVE_COMPILATION_CONDITIONS = DEBUG;
				SWIFT_OPTIMIZATION_LEVEL = "-Onone";
			};
			name = Debug;
		};
		6286947422B4CD6F004907A6 /* Release */ = {
			isa = XCBuildConfiguration;
			buildSettings = {
				ALWAYS_SEARCH_USER_PATHS = NO;
				CLANG_ANALYZER_NONNULL = YES;
				CLANG_ANALYZER_NUMBER_OBJECT_CONVERSION = YES_AGGRESSIVE;
				CLANG_CXX_LANGUAGE_STANDARD = "gnu++14";
				CLANG_CXX_LIBRARY = "libc++";
				CLANG_ENABLE_MODULES = YES;
				CLANG_ENABLE_OBJC_ARC = YES;
				CLANG_ENABLE_OBJC_WEAK = YES;
				CLANG_WARN_BLOCK_CAPTURE_AUTORELEASING = YES;
				CLANG_WARN_BOOL_CONVERSION = YES;
				CLANG_WARN_COMMA = YES;
				CLANG_WARN_CONSTANT_CONVERSION = YES;
				CLANG_WARN_DEPRECATED_OBJC_IMPLEMENTATIONS = YES;
				CLANG_WARN_DIRECT_OBJC_ISA_USAGE = YES_ERROR;
				CLANG_WARN_DOCUMENTATION_COMMENTS = YES;
				CLANG_WARN_EMPTY_BODY = YES;
				CLANG_WARN_ENUM_CONVERSION = YES;
				CLANG_WARN_INFINITE_RECURSION = YES;
				CLANG_WARN_INT_CONVERSION = YES;
				CLANG_WARN_NON_LITERAL_NULL_CONVERSION = YES;
				CLANG_WARN_OBJC_IMPLICIT_RETAIN_SELF = YES;
				CLANG_WARN_OBJC_LITERAL_CONVERSION = YES;
				CLANG_WARN_OBJC_ROOT_CLASS = YES_ERROR;
				CLANG_WARN_RANGE_LOOP_ANALYSIS = YES;
				CLANG_WARN_STRICT_PROTOTYPES = YES;
				CLANG_WARN_SUSPICIOUS_MOVE = YES;
				CLANG_WARN_UNGUARDED_AVAILABILITY = YES_AGGRESSIVE;
				CLANG_WARN_UNREACHABLE_CODE = YES;
				CLANG_WARN__DUPLICATE_METHOD_MATCH = YES;
				CODE_SIGN_IDENTITY = "iPhone Developer";
				COPY_PHASE_STRIP = NO;
				DEBUG_INFORMATION_FORMAT = "dwarf-with-dsym";
				ENABLE_NS_ASSERTIONS = NO;
				ENABLE_STRICT_OBJC_MSGSEND = YES;
				GCC_C_LANGUAGE_STANDARD = gnu11;
				GCC_NO_COMMON_BLOCKS = YES;
				GCC_WARN_64_TO_32_BIT_CONVERSION = YES;
				GCC_WARN_ABOUT_RETURN_TYPE = YES_ERROR;
				GCC_WARN_UNDECLARED_SELECTOR = YES;
				GCC_WARN_UNINITIALIZED_AUTOS = YES_AGGRESSIVE;
				GCC_WARN_UNUSED_FUNCTION = YES;
				GCC_WARN_UNUSED_VARIABLE = YES;
				IPHONEOS_DEPLOYMENT_TARGET = 12.2;
				MTL_ENABLE_DEBUG_INFO = NO;
				MTL_FAST_MATH = YES;
				SDKROOT = iphoneos;
				SWIFT_COMPILATION_MODE = wholemodule;
				SWIFT_OPTIMIZATION_LEVEL = "-O";
				VALIDATE_PRODUCT = YES;
			};
			name = Release;
		};
		6286947622B4CD6F004907A6 /* Debug */ = {
			isa = XCBuildConfiguration;
			baseConfigurationReference = 4747C46E5FCDEA0D1F8AED58 /* Pods-TestSystem.debug.xcconfig */;
			buildSettings = {
				ASSETCATALOG_COMPILER_APPICON_NAME = AppIcon;
				CODE_SIGN_STYLE = Automatic;
				DEVELOPMENT_TEAM = 59G2NJ726H;
				INFOPLIST_FILE = TestSystem/Info.plist;
				LD_RUNPATH_SEARCH_PATHS = (
					"$(inherited)",
					"@executable_path/Frameworks",
				);
				PRODUCT_BUNDLE_IDENTIFIER = com.ShurumovMaxim.TestSystem;
				PRODUCT_NAME = "$(TARGET_NAME)";
				SWIFT_VERSION = 5.0;
				TARGETED_DEVICE_FAMILY = "1,2";
			};
			name = Debug;
		};
		6286947722B4CD6F004907A6 /* Release */ = {
			isa = XCBuildConfiguration;
			baseConfigurationReference = F1F31580F5638DDDC391AEC7 /* Pods-TestSystem.release.xcconfig */;
			buildSettings = {
				ASSETCATALOG_COMPILER_APPICON_NAME = AppIcon;
				CODE_SIGN_STYLE = Automatic;
				DEVELOPMENT_TEAM = 59G2NJ726H;
				INFOPLIST_FILE = TestSystem/Info.plist;
				LD_RUNPATH_SEARCH_PATHS = (
					"$(inherited)",
					"@executable_path/Frameworks",
				);
				PRODUCT_BUNDLE_IDENTIFIER = com.ShurumovMaxim.TestSystem;
				PRODUCT_NAME = "$(TARGET_NAME)";
				SWIFT_VERSION = 5.0;
				TARGETED_DEVICE_FAMILY = "1,2";
			};
			name = Release;
		};
/* End XCBuildConfiguration section */

/* Begin XCConfigurationList section */
		6286945E22B4CD6D004907A6 /* Build configuration list for PBXProject "TestSystem" */ = {
			isa = XCConfigurationList;
			buildConfigurations = (
				6286947322B4CD6F004907A6 /* Debug */,
				6286947422B4CD6F004907A6 /* Release */,
			);
			defaultConfigurationIsVisible = 0;
			defaultConfigurationName = Release;
		};
		6286947522B4CD6F004907A6 /* Build configuration list for PBXNativeTarget "TestSystem" */ = {
			isa = XCConfigurationList;
			buildConfigurations = (
				6286947622B4CD6F004907A6 /* Debug */,
				6286947722B4CD6F004907A6 /* Release */,
			);
			defaultConfigurationIsVisible = 0;
			defaultConfigurationName = Release;
		};
/* End XCConfigurationList section */
	};
	rootObject = 6286945B22B4CD6D004907A6 /* Project object */;
}
